
Microsoft Visual Studio Solution File, Format Version 12.00
# Visual Studio Version 16
VisualStudioVersion = 16.0.29613.14
MinimumVisualStudioVersion = 10.0.40219.1
Project("{FAE04EC0-301F-11D3-BF4B-00C04F79EFBC}") = "OuvindoErros.Android", "OuvindoErros\OuvindoErros.Android\OuvindoErros.Android.csproj", "{A99B0226-114A-4266-B5A2-ACF707B02326}"
EndProject
Project("{FAE04EC0-301F-11D3-BF4B-00C04F79EFBC}") = "OuvindoErros.iOS", "OuvindoErros\OuvindoErros.iOS\OuvindoErros.iOS.csproj", "{8E3F82E8-02D7-4F1B-A1E7-F4AEE932851E}"
EndProject
Project("{9A19103F-16F7-4668-BE54-9A1E7A4F7556}") = "OuvindoErros", "OuvindoErros\OuvindoErros\OuvindoErros.csproj", "{A150A803-D885-4E55-BBF7-6ABDACFB47E1}"
EndProject
Global
	GlobalSection(SolutionConfigurationPlatforms) = preSolution
		Debug|Any CPU = Debug|Any CPU
		Debug|iPhone = Debug|iPhone
		Debug|iPhoneSimulator = Debug|iPhoneSimulator
		Release|Any CPU = Release|Any CPU
		Release|iPhone = Release|iPhone
		Release|iPhoneSimulator = Release|iPhoneSimulator
	EndGlobalSection
	GlobalSection(ProjectConfigurationPlatforms) = postSolution
		{A99B0226-114A-4266-B5A2-ACF707B02326}.Debug|Any CPU.ActiveCfg = Debug|Any CPU
		{A99B0226-114A-4266-B5A2-ACF707B02326}.Debug|Any CPU.Build.0 = Debug|Any CPU
		{A99B0226-114A-4266-B5A2-ACF707B02326}.Debug|Any CPU.Deploy.0 = Debug|Any CPU
		{A99B0226-114A-4266-B5A2-ACF707B02326}.Debug|iPhone.ActiveCfg = Debug|Any CPU
		{A99B0226-114A-4266-B5A2-ACF707B02326}.Debug|iPhone.Build.0 = Debug|Any CPU
		{A99B0226-114A-4266-B5A2-ACF707B02326}.Debug|iPhone.Deploy.0 = Debug|Any CPU
		{A99B0226-114A-4266-B5A2-ACF707B02326}.Debug|iPhoneSimulator.ActiveCfg = Debug|Any CPU
		{A99B0226-114A-4266-B5A2-ACF707B02326}.Debug|iPhoneSimulator.Build.0 = Debug|Any CPU
		{A99B0226-114A-4266-B5A2-ACF707B02326}.Debug|iPhoneSimulator.Deploy.0 = Debug|Any CPU
		{A99B0226-114A-4266-B5A2-ACF707B02326}.Release|Any CPU.ActiveCfg = Release|Any CPU
		{A99B0226-114A-4266-B5A2-ACF707B02326}.Release|Any CPU.Build.0 = Release|Any CPU
		{A99B0226-114A-4266-B5A2-ACF707B02326}.Release|Any CPU.Deploy.0 = Release|Any CPU
		{A99B0226-114A-4266-B5A2-ACF707B02326}.Release|iPhone.ActiveCfg = Release|Any CPU
		{A99B0226-114A-4266-B5A2-ACF707B02326}.Release|iPhone.Build.0 = Release|Any CPU
		{A99B0226-114A-4266-B5A2-ACF707B02326}.Release|iPhone.Deploy.0 = Release|Any CPU
		{A99B0226-114A-4266-B5A2-ACF707B02326}.Release|iPhoneSimulator.ActiveCfg = Release|Any CPU
		{A99B0226-114A-4266-B5A2-ACF707B02326}.Release|iPhoneSimulator.Build.0 = Release|Any CPU
		{A99B0226-114A-4266-B5A2-ACF707B02326}.Release|iPhoneSimulator.Deploy.0 = Release|Any CPU
		{8E3F82E8-02D7-4F1B-A1E7-F4AEE932851E}.Debug|Any CPU.ActiveCfg = Debug|iPhoneSimulator
		{8E3F82E8-02D7-4F1B-A1E7-F4AEE932851E}.Debug|Any CPU.Deploy.0 = Debug|iPhoneSimulator
		{8E3F82E8-02D7-4F1B-A1E7-F4AEE932851E}.Debug|iPhone.ActiveCfg = Debug|iPhone
		{8E3F82E8-02D7-4F1B-A1E7-F4AEE932851E}.Debug|iPhone.Build.0 = Debug|iPhone
		{8E3F82E8-02D7-4F1B-A1E7-F4AEE932851E}.Debug|iPhone.Deploy.0 = Debug|iPhone
		{8E3F82E8-02D7-4F1B-A1E7-F4AEE932851E}.Debug|iPhoneSimulator.ActiveCfg = Debug|iPhoneSimulator
		{8E3F82E8-02D7-4F1B-A1E7-F4AEE932851E}.Debug|iPhoneSimulator.Build.0 = Debug|iPhoneSimulator
		{8E3F82E8-02D7-4F1B-A1E7-F4AEE932851E}.Debug|iPhoneSimulator.Deploy.0 = Debug|iPhoneSimulator
		{8E3F82E8-02D7-4F1B-A1E7-F4AEE932851E}.Release|Any CPU.ActiveCfg = Release|iPhone
		{8E3F82E8-02D7-4F1B-A1E7-F4AEE932851E}.Release|Any CPU.Build.0 = Release|iPhone
		{8E3F82E8-02D7-4F1B-A1E7-F4AEE932851E}.Release|Any CPU.Deploy.0 = Release|iPhone
		{8E3F82E8-02D7-4F1B-A1E7-F4AEE932851E}.Release|iPhone.ActiveCfg = Release|iPhone
		{8E3F82E8-02D7-4F1B-A1E7-F4AEE932851E}.Release|iPhone.Build.0 = Release|iPhone
		{8E3F82E8-02D7-4F1B-A1E7-F4AEE932851E}.Release|iPhone.Deploy.0 = Release|iPhone
		{8E3F82E8-02D7-4F1B-A1E7-F4AEE932851E}.Release|iPhoneSimulator.ActiveCfg = Release|iPhoneSimulator
		{8E3F82E8-02D7-4F1B-A1E7-F4AEE932851E}.Release|iPhoneSimulator.Build.0 = Release|iPhoneSimulator
		{8E3F82E8-02D7-4F1B-A1E7-F4AEE932851E}.Release|iPhoneSimulator.Deploy.0 = Release|iPhoneSimulator
		{A150A803-D885-4E55-BBF7-6ABDACFB47E1}.Debug|Any CPU.ActiveCfg = Debug|Any CPU
		{A150A803-D885-4E55-BBF7-6ABDACFB47E1}.Debug|Any CPU.Build.0 = Debug|Any CPU
		{A150A803-D885-4E55-BBF7-6ABDACFB47E1}.Debug|Any CPU.Deploy.0 = Debug|Any CPU
		{A150A803-D885-4E55-BBF7-6ABDACFB47E1}.Debug|iPhone.ActiveCfg = Debug|Any CPU
		{A150A803-D885-4E55-BBF7-6ABDACFB47E1}.Debug|iPhone.Build.0 = Debug|Any CPU
		{A150A803-D885-4E55-BBF7-6ABDACFB47E1}.Debug|iPhone.Deploy.0 = Debug|Any CPU
		{A150A803-D885-4E55-BBF7-6ABDACFB47E1}.Debug|iPhoneSimulator.ActiveCfg = Debug|Any CPU
		{A150A803-D885-4E55-BBF7-6ABDACFB47E1}.Debug|iPhoneSimulator.Build.0 = Debug|Any CPU
		{A150A803-D885-4E55-BBF7-6ABDACFB47E1}.Debug|iPhoneSimulator.Deploy.0 = Debug|Any CPU
		{A150A803-D885-4E55-BBF7-6ABDACFB47E1}.Release|Any CPU.ActiveCfg = Release|Any CPU
		{A150A803-D885-4E55-BBF7-6ABDACFB47E1}.Release|Any CPU.Build.0 = Release|Any CPU
		{A150A803-D885-4E55-BBF7-6ABDACFB47E1}.Release|Any CPU.Deploy.0 = Release|Any CPU
		{A150A803-D885-4E55-BBF7-6ABDACFB47E1}.Release|iPhone.ActiveCfg = Release|Any CPU
		{A150A803-D885-4E55-BBF7-6ABDACFB47E1}.Release|iPhone.Build.0 = Release|Any CPU
		{A150A803-D885-4E55-BBF7-6ABDACFB47E1}.Release|iPhone.Deploy.0 = Release|Any CPU
		{A150A803-D885-4E55-BBF7-6ABDACFB47E1}.Release|iPhoneSimulator.ActiveCfg = Release|Any CPU
		{A150A803-D885-4E55-BBF7-6ABDACFB47E1}.Release|iPhoneSimulator.Build.0 = Release|Any CPU
		{A150A803-D885-4E55-BBF7-6ABDACFB47E1}.Release|iPhoneSimulator.Deploy.0 = Release|Any CPU
	EndGlobalSection
	GlobalSection(SolutionProperties) = preSolution
		HideSolutionNode = FALSE
	EndGlobalSection
	GlobalSection(ExtensibilityGlobals) = postSolution
		SolutionGuid = {DF52CA58-8CAA-4623-8834-2D06590B820C}
	EndGlobalSection
EndGlobal
